
Microsoft Visual Studio Solution File, Format Version 12.00
# Visual Studio 15
VisualStudioVersion = 15.0.28307.779
MinimumVisualStudioVersion = 10.0.40219.1
Project("{FAE04EC0-301F-11D3-BF4B-00C04F79EFBC}") = "schoolDistrict", "schoolDistrict\schoolDistrict.csproj", "{4B42844F-84EE-48C0-AEDE-7DC09205F331}"
EndProject
Global
	GlobalSection(SolutionConfigurationPlatforms) = preSolution
		Debug|Any CPU = Debug|Any CPU
		Release|Any CPU = Release|Any CPU
	EndGlobalSection
	GlobalSection(ProjectConfigurationPlatforms) = postSolution
		{4B42844F-84EE-48C0-AEDE-7DC09205F331}.Debug|Any CPU.ActiveCfg = Debug|Any CPU
		{4B42844F-84EE-48C0-AEDE-7DC09205F331}.Debug|Any CPU.Build.0 = Debug|Any CPU
		{4B42844F-84EE-48C0-AEDE-7DC09205F331}.Release|Any CPU.ActiveCfg = Release|Any CPU
		{4B42844F-84EE-48C0-AEDE-7DC09205F331}.Release|Any CPU.Build.0 = Release|Any CPU
	EndGlobalSection
	GlobalSection(SolutionProperties) = preSolution
		HideSolutionNode = FALSE
	EndGlobalSection
	GlobalSection(ExtensibilityGlobals) = postSolution
		SolutionGuid = {53E2A141-CF3F-403D-8265-23DA71F2F3A8}
	EndGlobalSection
EndGlobal
